
Microsoft Visual Studio Solution File, Format Version 12.00
# Visual Studio Version 16
VisualStudioVersion = 16.0.30011.22
MinimumVisualStudioVersion = 10.0.40219.1
Project("{FAE04EC0-301F-11D3-BF4B-00C04F79EFBC}") = "InventoryMaintence", "InventoryMaintence\InventoryMaintence.csproj", "{FAE99DB5-18DD-4F75-A1D9-135436DFAE14}"
EndProject
Global
	GlobalSection(SolutionConfigurationPlatforms) = preSolution
		Debug|Any CPU = Debug|Any CPU
		Release|Any CPU = Release|Any CPU
	EndGlobalSection
	GlobalSection(ProjectConfigurationPlatforms) = postSolution
		{FAE99DB5-18DD-4F75-A1D9-135436DFAE14}.Debug|Any CPU.ActiveCfg = Debug|Any CPU
		{FAE99DB5-18DD-4F75-A1D9-135436DFAE14}.Debug|Any CPU.Build.0 = Debug|Any CPU
		{FAE99DB5-18DD-4F75-A1D9-135436DFAE14}.Release|Any CPU.ActiveCfg = Release|Any CPU
		{FAE99DB5-18DD-4F75-A1D9-135436DFAE14}.Release|Any CPU.Build.0 = Release|Any CPU
	EndGlobalSection
	GlobalSection(SolutionProperties) = preSolution
		HideSolutionNode = FALSE
	EndGlobalSection
	GlobalSection(ExtensibilityGlobals) = postSolution
		SolutionGuid = {A4EC8867-7A59-4482-A6BF-3D0E22A341EB}
	EndGlobalSection
EndGlobal
