
Microsoft Visual Studio Solution File, Format Version 12.00
# Visual Studio Version 16
VisualStudioVersion = 16.0.30011.22
MinimumVisualStudioVersion = 10.0.40219.1
Project("{FAE04EC0-301F-11D3-BF4B-00C04F79EFBC}") = "OOP-DB-Exercise4", "OOP-DB-Exercise4\OOP-DB-Exercise4.csproj", "{52EBB7B2-473D-40F4-B0A3-338125BE59F7}"
EndProject
Global
	GlobalSection(SolutionConfigurationPlatforms) = preSolution
		Debug|Any CPU = Debug|Any CPU
		Release|Any CPU = Release|Any CPU
	EndGlobalSection
	GlobalSection(ProjectConfigurationPlatforms) = postSolution
		{52EBB7B2-473D-40F4-B0A3-338125BE59F7}.Debug|Any CPU.ActiveCfg = Debug|Any CPU
		{52EBB7B2-473D-40F4-B0A3-338125BE59F7}.Debug|Any CPU.Build.0 = Debug|Any CPU
		{52EBB7B2-473D-40F4-B0A3-338125BE59F7}.Release|Any CPU.ActiveCfg = Release|Any CPU
		{52EBB7B2-473D-40F4-B0A3-338125BE59F7}.Release|Any CPU.Build.0 = Release|Any CPU
	EndGlobalSection
	GlobalSection(SolutionProperties) = preSolution
		HideSolutionNode = FALSE
	EndGlobalSection
	GlobalSection(ExtensibilityGlobals) = postSolution
		SolutionGuid = {A6F8558A-5DC3-437A-8F1B-C1C68C9151EA}
	EndGlobalSection
EndGlobal
