
Microsoft Visual Studio Solution File, Format Version 12.00
# Visual Studio Version 16
VisualStudioVersion = 16.0.30011.22
MinimumVisualStudioVersion = 10.0.40219.1
Project("{FAE04EC0-301F-11D3-BF4B-00C04F79EFBC}") = "HolidayDatabase", "HolidayDatabase\HolidayDatabase.csproj", "{89513E7A-3571-40E9-9D6E-942D1BD3CEAD}"
EndProject
Global
	GlobalSection(SolutionConfigurationPlatforms) = preSolution
		Debug|Any CPU = Debug|Any CPU
		Release|Any CPU = Release|Any CPU
	EndGlobalSection
	GlobalSection(ProjectConfigurationPlatforms) = postSolution
		{89513E7A-3571-40E9-9D6E-942D1BD3CEAD}.Debug|Any CPU.ActiveCfg = Debug|Any CPU
		{89513E7A-3571-40E9-9D6E-942D1BD3CEAD}.Debug|Any CPU.Build.0 = Debug|Any CPU
		{89513E7A-3571-40E9-9D6E-942D1BD3CEAD}.Release|Any CPU.ActiveCfg = Release|Any CPU
		{89513E7A-3571-40E9-9D6E-942D1BD3CEAD}.Release|Any CPU.Build.0 = Release|Any CPU
	EndGlobalSection
	GlobalSection(SolutionProperties) = preSolution
		HideSolutionNode = FALSE
	EndGlobalSection
	GlobalSection(ExtensibilityGlobals) = postSolution
		SolutionGuid = {E288D315-3B3F-463E-A1DF-CD0E32423676}
	EndGlobalSection
EndGlobal
