
Microsoft Visual Studio Solution File, Format Version 12.00
# Visual Studio Version 16
VisualStudioVersion = 16.0.30128.74
MinimumVisualStudioVersion = 10.0.40219.1
Project("{FAE04EC0-301F-11D3-BF4B-00C04F79EFBC}") = "PaintApp(Ass Prep)", "PaintApp(Ass Prep)\PaintApp(Ass Prep).csproj", "{8BB8E847-4662-45CB-98AA-D1E41384F109}"
EndProject
Global
	GlobalSection(SolutionConfigurationPlatforms) = preSolution
		Debug|Any CPU = Debug|Any CPU
		Release|Any CPU = Release|Any CPU
	EndGlobalSection
	GlobalSection(ProjectConfigurationPlatforms) = postSolution
		{8BB8E847-4662-45CB-98AA-D1E41384F109}.Debug|Any CPU.ActiveCfg = Debug|Any CPU
		{8BB8E847-4662-45CB-98AA-D1E41384F109}.Debug|Any CPU.Build.0 = Debug|Any CPU
		{8BB8E847-4662-45CB-98AA-D1E41384F109}.Release|Any CPU.ActiveCfg = Release|Any CPU
		{8BB8E847-4662-45CB-98AA-D1E41384F109}.Release|Any CPU.Build.0 = Release|Any CPU
	EndGlobalSection
	GlobalSection(SolutionProperties) = preSolution
		HideSolutionNode = FALSE
	EndGlobalSection
	GlobalSection(ExtensibilityGlobals) = postSolution
		SolutionGuid = {3DD3500A-C54F-4C1F-9F32-0F8A220F5B72}
	EndGlobalSection
EndGlobal
